<Solution>
  <Project Path="ITSupport.Business/ITSupport.Business.csproj" Id="c450b5ee-7c1f-402a-bf76-1d8e1c3edfb1" />
  <Project Path="ITSupport.Data/ITSupport.Data.csproj" Id="c8d2d1ed-4395-4818-91cb-45ddc98cb17d" />
  <Project Path="ITSupport/ITSupport.MVC.csproj" Id="bd5e7726-112d-43fc-9cc1-9e094dfa4101" />
</Solution>
